// !$*UTF8*$!
{
	archiveVersion = 1;
	classes = {
	};
	objectVersion = 56;
	objects = {

/* Begin PBXBuildFile section */
		CEBF696E2A78EC74000CB367 /* AppDelegate.swift in Sources */ = {isa = PBXBuildFile; fileRef = CEBF696D2A78EC74000CB367 /* AppDelegate.swift */; };
		CEBF69722A78EC74000CB367 /* ProfileViewController.swift in Sources */ = {isa = PBXBuildFile; fileRef = CEBF69712A78EC74000CB367 /* ProfileViewController.swift */; };
		CEBF69772A78EC7A000CB367 /* Colors.xcassets in Resources */ = {isa = PBXBuildFile; fileRef = CEBF69762A78EC7A000CB367 /* Colors.xcassets */; };
		CEBF697A2A78EC7A000CB367 /* LaunchScreen.storyboard in Resources */ = {isa = PBXBuildFile; fileRef = CEBF69782A78EC7A000CB367 /* LaunchScreen.storyboard */; };
		CEBF69842A78F13E000CB367 /* NavigationController.swift in Sources */ = {isa = PBXBuildFile; fileRef = CEBF69832A78F13E000CB367 /* NavigationController.swift */; };
		CEBF69882A78F36E000CB367 /* UIColor + Extension.swift in Sources */ = {isa = PBXBuildFile; fileRef = CEBF69872A78F36E000CB367 /* UIColor + Extension.swift */; };
		CEBF698A2A78F4C4000CB367 /* UIFont + Extension.swift in Sources */ = {isa = PBXBuildFile; fileRef = CEBF69892A78F4C4000CB367 /* UIFont + Extension.swift */; };
		CEBF698C2A78F6F9000CB367 /* ProfileView.swift in Sources */ = {isa = PBXBuildFile; fileRef = CEBF698B2A78F6F9000CB367 /* ProfileView.swift */; };
		CEBF698E2A78F939000CB367 /* MainInformationView.swift in Sources */ = {isa = PBXBuildFile; fileRef = CEBF698D2A78F939000CB367 /* MainInformationView.swift */; };
		CEBF69902A7901A5000CB367 /* SkillsCell.swift in Sources */ = {isa = PBXBuildFile; fileRef = CEBF698F2A7901A5000CB367 /* SkillsCell.swift */; };
		CEBF69932A7902B4000CB367 /* UICollectionView + Exension.swift in Sources */ = {isa = PBXBuildFile; fileRef = CEBF69922A7902B4000CB367 /* UICollectionView + Exension.swift */; };
		CED72EC42A790E1300B76303 /* Images.xcassets in Resources */ = {isa = PBXBuildFile; fileRef = CED72EC32A790E1300B76303 /* Images.xcassets */; };
		CED72EC72A790E4900B76303 /* LocationView.swift in Sources */ = {isa = PBXBuildFile; fileRef = CED72EC62A790E4900B76303 /* LocationView.swift */; };
		CED72EC92A79118700B76303 /* UserModel.swift in Sources */ = {isa = PBXBuildFile; fileRef = CED72EC82A79118700B76303 /* UserModel.swift */; };
		CED72ECB2A79251A00B76303 /* AboutMeCell.swift in Sources */ = {isa = PBXBuildFile; fileRef = CED72ECA2A79251A00B76303 /* AboutMeCell.swift */; };
		CED72ECD2A79353A00B76303 /* SectionHeader.swift in Sources */ = {isa = PBXBuildFile; fileRef = CED72ECC2A79353A00B76303 /* SectionHeader.swift */; };
/* End PBXBuildFile section */

/* Begin PBXFileReference section */
		CEBF696A2A78EC74000CB367 /* CV_TestTask.app */ = {isa = PBXFileReference; explicitFileType = wrapper.application; includeInIndex = 0; path = CV_TestTask.app; sourceTree = BUILT_PRODUCTS_DIR; };
		CEBF696D2A78EC74000CB367 /* AppDelegate.swift */ = {isa = PBXFileReference; lastKnownFileType = sourcecode.swift; path = AppDelegate.swift; sourceTree = "<group>"; };
		CEBF69712A78EC74000CB367 /* ProfileViewController.swift */ = {isa = PBXFileReference; lastKnownFileType = sourcecode.swift; path = ProfileViewController.swift; sourceTree = "<group>"; };
		CEBF69762A78EC7A000CB367 /* Colors.xcassets */ = {isa = PBXFileReference; lastKnownFileType = folder.assetcatalog; path = Colors.xcassets; sourceTree = "<group>"; };
		CEBF69792A78EC7A000CB367 /* Base */ = {isa = PBXFileReference; lastKnownFileType = file.storyboard; name = Base; path = Base.lproj/LaunchScreen.storyboard; sourceTree = "<group>"; };
		CEBF697B2A78EC7A000CB367 /* Info.plist */ = {isa = PBXFileReference; lastKnownFileType = text.plist.xml; path = Info.plist; sourceTree = "<group>"; };
		CEBF69832A78F13E000CB367 /* NavigationController.swift */ = {isa = PBXFileReference; lastKnownFileType = sourcecode.swift; path = NavigationController.swift; sourceTree = "<group>"; };
		CEBF69872A78F36E000CB367 /* UIColor + Extension.swift */ = {isa = PBXFileReference; lastKnownFileType = sourcecode.swift; path = "UIColor + Extension.swift"; sourceTree = "<group>"; };
		CEBF69892A78F4C4000CB367 /* UIFont + Extension.swift */ = {isa = PBXFileReference; lastKnownFileType = sourcecode.swift; path = "UIFont + Extension.swift"; sourceTree = "<group>"; };
		CEBF698B2A78F6F9000CB367 /* ProfileView.swift */ = {isa = PBXFileReference; lastKnownFileType = sourcecode.swift; path = ProfileView.swift; sourceTree = "<group>"; };
		CEBF698D2A78F939000CB367 /* MainInformationView.swift */ = {isa = PBXFileReference; lastKnownFileType = sourcecode.swift; path = MainInformationView.swift; sourceTree = "<group>"; };
		CEBF698F2A7901A5000CB367 /* SkillsCell.swift */ = {isa = PBXFileReference; lastKnownFileType = sourcecode.swift; path = SkillsCell.swift; sourceTree = "<group>"; };
		CEBF69922A7902B4000CB367 /* UICollectionView + Exension.swift */ = {isa = PBXFileReference; lastKnownFileType = sourcecode.swift; path = "UICollectionView + Exension.swift"; sourceTree = "<group>"; };
		CED72EC32A790E1300B76303 /* Images.xcassets */ = {isa = PBXFileReference; lastKnownFileType = folder.assetcatalog; path = Images.xcassets; sourceTree = "<group>"; };
		CED72EC62A790E4900B76303 /* LocationView.swift */ = {isa = PBXFileReference; lastKnownFileType = sourcecode.swift; path = LocationView.swift; sourceTree = "<group>"; };
		CED72EC82A79118700B76303 /* UserModel.swift */ = {isa = PBXFileReference; lastKnownFileType = sourcecode.swift; path = UserModel.swift; sourceTree = "<group>"; };
		CED72ECA2A79251A00B76303 /* AboutMeCell.swift */ = {isa = PBXFileReference; lastKnownFileType = sourcecode.swift; path = AboutMeCell.swift; sourceTree = "<group>"; };
		CED72ECC2A79353A00B76303 /* SectionHeader.swift */ = {isa = PBXFileReference; lastKnownFileType = sourcecode.swift; path = SectionHeader.swift; sourceTree = "<group>"; };
/* End PBXFileReference section */

/* Begin PBXFrameworksBuildPhase section */
		CEBF69672A78EC74000CB367 /* Frameworks */ = {
			isa = PBXFrameworksBuildPhase;
			buildActionMask = 2147483647;
			files = (
			);
			runOnlyForDeploymentPostprocessing = 0;
		};
/* End PBXFrameworksBuildPhase section */

/* Begin PBXGroup section */
		CEBF69612A78EC74000CB367 = {
			isa = PBXGroup;
			children = (
				CEBF696C2A78EC74000CB367 /* CV_TestTask */,
				CEBF696B2A78EC74000CB367 /* Products */,
			);
			sourceTree = "<group>";
		};
		CEBF696B2A78EC74000CB367 /* Products */ = {
			isa = PBXGroup;
			children = (
				CEBF696A2A78EC74000CB367 /* CV_TestTask.app */,
			);
			name = Products;
			sourceTree = "<group>";
		};
		CEBF696C2A78EC74000CB367 /* CV_TestTask */ = {
			isa = PBXGroup;
			children = (
				CEBF696D2A78EC74000CB367 /* AppDelegate.swift */,
				CEBF69712A78EC74000CB367 /* ProfileViewController.swift */,
				CEBF69832A78F13E000CB367 /* NavigationController.swift */,
				CED72EC82A79118700B76303 /* UserModel.swift */,
				CED72EC52A790E2E00B76303 /* UIElements */,
				CED72EC12A790DAA00B76303 /* View */,
				CEBF69912A79029D000CB367 /* Extensions */,
				CEBF69762A78EC7A000CB367 /* Colors.xcassets */,
				CED72EC32A790E1300B76303 /* Images.xcassets */,
				CEBF69782A78EC7A000CB367 /* LaunchScreen.storyboard */,
				CEBF697B2A78EC7A000CB367 /* Info.plist */,
			);
			path = CV_TestTask;
			sourceTree = "<group>";
		};
		CEBF69912A79029D000CB367 /* Extensions */ = {
			isa = PBXGroup;
			children = (
				CEBF69892A78F4C4000CB367 /* UIFont + Extension.swift */,
				CEBF69872A78F36E000CB367 /* UIColor + Extension.swift */,
				CEBF69922A7902B4000CB367 /* UICollectionView + Exension.swift */,
			);
			path = Extensions;
			sourceTree = "<group>";
		};
		CED72EC12A790DAA00B76303 /* View */ = {
			isa = PBXGroup;
			children = (
				CEBF698B2A78F6F9000CB367 /* ProfileView.swift */,
				CED72EC22A790DDB00B76303 /* CollectionViewCells */,
			);
			path = View;
			sourceTree = "<group>";
		};
		CED72EC22A790DDB00B76303 /* CollectionViewCells */ = {
			isa = PBXGroup;
			children = (
				CEBF698D2A78F939000CB367 /* MainInformationView.swift */,
				CEBF698F2A7901A5000CB367 /* SkillsCell.swift */,
				CED72ECA2A79251A00B76303 /* AboutMeCell.swift */,
			);
			path = CollectionViewCells;
			sourceTree = "<group>";
		};
		CED72EC52A790E2E00B76303 /* UIElements */ = {
			isa = PBXGroup;
			children = (
				CED72EC62A790E4900B76303 /* LocationView.swift */,
				CED72ECC2A79353A00B76303 /* SectionHeader.swift */,
			);
			path = UIElements;
			sourceTree = "<group>";
		};
/* End PBXGroup section */

/* Begin PBXNativeTarget section */
		CEBF69692A78EC74000CB367 /* CV_TestTask */ = {
			isa = PBXNativeTarget;
			buildConfigurationList = CEBF697E2A78EC7A000CB367 /* Build configuration list for PBXNativeTarget "CV_TestTask" */;
			buildPhases = (
				CEBF69662A78EC74000CB367 /* Sources */,
				CEBF69672A78EC74000CB367 /* Frameworks */,
				CEBF69682A78EC74000CB367 /* Resources */,
				CEBF69812A78ED26000CB367 /* SwiftLint */,
				CEBF69822A78ED57000CB367 /* SwiftFormat */,
			);
			buildRules = (
			);
			dependencies = (
			);
			name = CV_TestTask;
			productName = CV_TestTask;
			productReference = CEBF696A2A78EC74000CB367 /* CV_TestTask.app */;
			productType = "com.apple.product-type.application";
		};
/* End PBXNativeTarget section */

/* Begin PBXProject section */
		CEBF69622A78EC74000CB367 /* Project object */ = {
			isa = PBXProject;
			attributes = {
				BuildIndependentTargetsInParallel = 1;
				LastSwiftUpdateCheck = 1430;
				LastUpgradeCheck = 1430;
				TargetAttributes = {
					CEBF69692A78EC74000CB367 = {
						CreatedOnToolsVersion = 14.3;
					};
				};
			};
			buildConfigurationList = CEBF69652A78EC74000CB367 /* Build configuration list for PBXProject "CV_TestTask" */;
			compatibilityVersion = "Xcode 14.0";
			developmentRegion = en;
			hasScannedForEncodings = 0;
			knownRegions = (
				en,
				Base,
			);
			mainGroup = CEBF69612A78EC74000CB367;
			productRefGroup = CEBF696B2A78EC74000CB367 /* Products */;
			projectDirPath = "";
			projectRoot = "";
			targets = (
				CEBF69692A78EC74000CB367 /* CV_TestTask */,
			);
		};
/* End PBXProject section */

/* Begin PBXResourcesBuildPhase section */
		CEBF69682A78EC74000CB367 /* Resources */ = {
			isa = PBXResourcesBuildPhase;
			buildActionMask = 2147483647;
			files = (
				CED72EC42A790E1300B76303 /* Images.xcassets in Resources */,
				CEBF697A2A78EC7A000CB367 /* LaunchScreen.storyboard in Resources */,
				CEBF69772A78EC7A000CB367 /* Colors.xcassets in Resources */,
			);
			runOnlyForDeploymentPostprocessing = 0;
		};
/* End PBXResourcesBuildPhase section */

/* Begin PBXShellScriptBuildPhase section */
		CEBF69812A78ED26000CB367 /* SwiftLint */ = {
			isa = PBXShellScriptBuildPhase;
			alwaysOutOfDate = 1;
			buildActionMask = 2147483647;
			files = (
			);
			inputFileListPaths = (
			);
			inputPaths = (
			);
			name = SwiftLint;
			outputFileListPaths = (
			);
			outputPaths = (
			);
			runOnlyForDeploymentPostprocessing = 0;
			shellPath = /bin/sh;
			shellScript = "export PATH=\"$PATH:/opt/homebrew/bin\"\nif which swiftlint > /dev/null; then\n  swiftlint\nelse\n  echo \"warning: SwiftLint not installed, download from https://github.com/realm/SwiftLint\"\nfi\n\n";
		};
		CEBF69822A78ED57000CB367 /* SwiftFormat */ = {
			isa = PBXShellScriptBuildPhase;
			alwaysOutOfDate = 1;
			buildActionMask = 2147483647;
			files = (
			);
			inputFileListPaths = (
			);
			inputPaths = (
			);
			name = SwiftFormat;
			outputFileListPaths = (
			);
			outputPaths = (
			);
			runOnlyForDeploymentPostprocessing = 0;
			shellPath = /bin/sh;
			shellScript = "if which swiftformat >/dev/null; then\n  swiftformat .\nelse\n  echo \"warning: SwiftFormat not installed, download from https://github.com/nicklockwood/SwiftFormat\"\nfi\n\n\n";
		};
/* End PBXShellScriptBuildPhase section */

/* Begin PBXSourcesBuildPhase section */
		CEBF69662A78EC74000CB367 /* Sources */ = {
			isa = PBXSourcesBuildPhase;
			buildActionMask = 2147483647;
			files = (
				CEBF698A2A78F4C4000CB367 /* UIFont + Extension.swift in Sources */,
				CED72ECB2A79251A00B76303 /* AboutMeCell.swift in Sources */,
				CEBF69722A78EC74000CB367 /* ProfileViewController.swift in Sources */,
				CEBF698E2A78F939000CB367 /* MainInformationView.swift in Sources */,
				CEBF69882A78F36E000CB367 /* UIColor + Extension.swift in Sources */,
				CEBF69842A78F13E000CB367 /* NavigationController.swift in Sources */,
				CEBF69902A7901A5000CB367 /* SkillsCell.swift in Sources */,
				CEBF698C2A78F6F9000CB367 /* ProfileView.swift in Sources */,
				CED72EC72A790E4900B76303 /* LocationView.swift in Sources */,
				CEBF696E2A78EC74000CB367 /* AppDelegate.swift in Sources */,
				CEBF69932A7902B4000CB367 /* UICollectionView + Exension.swift in Sources */,
				CED72EC92A79118700B76303 /* UserModel.swift in Sources */,
				CED72ECD2A79353A00B76303 /* SectionHeader.swift in Sources */,
			);
			runOnlyForDeploymentPostprocessing = 0;
		};
/* End PBXSourcesBuildPhase section */

/* Begin PBXVariantGroup section */
		CEBF69782A78EC7A000CB367 /* LaunchScreen.storyboard */ = {
			isa = PBXVariantGroup;
			children = (
				CEBF69792A78EC7A000CB367 /* Base */,
			);
			name = LaunchScreen.storyboard;
			sourceTree = "<group>";
		};
/* End PBXVariantGroup section */

/* Begin XCBuildConfiguration section */
		CEBF697C2A78EC7A000CB367 /* Debug */ = {
			isa = XCBuildConfiguration;
			buildSettings = {
				ALWAYS_SEARCH_USER_PATHS = NO;
				CLANG_ANALYZER_NONNULL = YES;
				CLANG_ANALYZER_NUMBER_OBJECT_CONVERSION = YES_AGGRESSIVE;
				CLANG_CXX_LANGUAGE_STANDARD = "gnu++20";
				CLANG_ENABLE_MODULES = YES;
				CLANG_ENABLE_OBJC_ARC = YES;
				CLANG_ENABLE_OBJC_WEAK = YES;
				CLANG_WARN_BLOCK_CAPTURE_AUTORELEASING = YES;
				CLANG_WARN_BOOL_CONVERSION = YES;
				CLANG_WARN_COMMA = YES;
				CLANG_WARN_CONSTANT_CONVERSION = YES;
				CLANG_WARN_DEPRECATED_OBJC_IMPLEMENTATIONS = YES;
				CLANG_WARN_DIRECT_OBJC_ISA_USAGE = YES_ERROR;
				CLANG_WARN_DOCUMENTATION_COMMENTS = YES;
				CLANG_WARN_EMPTY_BODY = YES;
				CLANG_WARN_ENUM_CONVERSION = YES;
				CLANG_WARN_INFINITE_RECURSION = YES;
				CLANG_WARN_INT_CONVERSION = YES;
				CLANG_WARN_NON_LITERAL_NULL_CONVERSION = YES;
				CLANG_WARN_OBJC_IMPLICIT_RETAIN_SELF = YES;
				CLANG_WARN_OBJC_LITERAL_CONVERSION = YES;
				CLANG_WARN_OBJC_ROOT_CLASS = YES_ERROR;
				CLANG_WARN_QUOTED_INCLUDE_IN_FRAMEWORK_HEADER = YES;
				CLANG_WARN_RANGE_LOOP_ANALYSIS = YES;
				CLANG_WARN_STRICT_PROTOTYPES = YES;
				CLANG_WARN_SUSPICIOUS_MOVE = YES;
				CLANG_WARN_UNGUARDED_AVAILABILITY = YES_AGGRESSIVE;
				CLANG_WARN_UNREACHABLE_CODE = YES;
				CLANG_WARN__DUPLICATE_METHOD_MATCH = YES;
				COPY_PHASE_STRIP = NO;
				DEBUG_INFORMATION_FORMAT = dwarf;
				ENABLE_STRICT_OBJC_MSGSEND = YES;
				ENABLE_TESTABILITY = YES;
				GCC_C_LANGUAGE_STANDARD = gnu11;
				GCC_DYNAMIC_NO_PIC = NO;
				GCC_NO_COMMON_BLOCKS = YES;
				GCC_OPTIMIZATION_LEVEL = 0;
				GCC_PREPROCESSOR_DEFINITIONS = (
					"DEBUG=1",
					"$(inherited)",
				);
				GCC_WARN_64_TO_32_BIT_CONVERSION = YES;
				GCC_WARN_ABOUT_RETURN_TYPE = YES_ERROR;
				GCC_WARN_UNDECLARED_SELECTOR = YES;
				GCC_WARN_UNINITIALIZED_AUTOS = YES_AGGRESSIVE;
				GCC_WARN_UNUSED_FUNCTION = YES;
				GCC_WARN_UNUSED_VARIABLE = YES;
				IPHONEOS_DEPLOYMENT_TARGET = 16.4;
				MTL_ENABLE_DEBUG_INFO = INCLUDE_SOURCE;
				MTL_FAST_MATH = YES;
				ONLY_ACTIVE_ARCH = YES;
				SDKROOT = iphoneos;
				SWIFT_ACTIVE_COMPILATION_CONDITIONS = DEBUG;
				SWIFT_OPTIMIZATION_LEVEL = "-Onone";
			};
			name = Debug;
		};
		CEBF697D2A78EC7A000CB367 /* Release */ = {
			isa = XCBuildConfiguration;
			buildSettings = {
				ALWAYS_SEARCH_USER_PATHS = NO;
				CLANG_ANALYZER_NONNULL = YES;
				CLANG_ANALYZER_NUMBER_OBJECT_CONVERSION = YES_AGGRESSIVE;
				CLANG_CXX_LANGUAGE_STANDARD = "gnu++20";
				CLANG_ENABLE_MODULES = YES;
				CLANG_ENABLE_OBJC_ARC = YES;
				CLANG_ENABLE_OBJC_WEAK = YES;
				CLANG_WARN_BLOCK_CAPTURE_AUTORELEASING = YES;
				CLANG_WARN_BOOL_CONVERSION = YES;
				CLANG_WARN_COMMA = YES;
				CLANG_WARN_CONSTANT_CONVERSION = YES;
				CLANG_WARN_DEPRECATED_OBJC_IMPLEMENTATIONS = YES;
				CLANG_WARN_DIRECT_OBJC_ISA_USAGE = YES_ERROR;
				CLANG_WARN_DOCUMENTATION_COMMENTS = YES;
				CLANG_WARN_EMPTY_BODY = YES;
				CLANG_WARN_ENUM_CONVERSION = YES;
				CLANG_WARN_INFINITE_RECURSION = YES;
				CLANG_WARN_INT_CONVERSION = YES;
				CLANG_WARN_NON_LITERAL_NULL_CONVERSION = YES;
				CLANG_WARN_OBJC_IMPLICIT_RETAIN_SELF = YES;
				CLANG_WARN_OBJC_LITERAL_CONVERSION = YES;
				CLANG_WARN_OBJC_ROOT_CLASS = YES_ERROR;
				CLANG_WARN_QUOTED_INCLUDE_IN_FRAMEWORK_HEADER = YES;
				CLANG_WARN_RANGE_LOOP_ANALYSIS = YES;
				CLANG_WARN_STRICT_PROTOTYPES = YES;
				CLANG_WARN_SUSPICIOUS_MOVE = YES;
				CLANG_WARN_UNGUARDED_AVAILABILITY = YES_AGGRESSIVE;
				CLANG_WARN_UNREACHABLE_CODE = YES;
				CLANG_WARN__DUPLICATE_METHOD_MATCH = YES;
				COPY_PHASE_STRIP = NO;
				DEBUG_INFORMATION_FORMAT = "dwarf-with-dsym";
				ENABLE_NS_ASSERTIONS = NO;
				ENABLE_STRICT_OBJC_MSGSEND = YES;
				GCC_C_LANGUAGE_STANDARD = gnu11;
				GCC_NO_COMMON_BLOCKS = YES;
				GCC_WARN_64_TO_32_BIT_CONVERSION = YES;
				GCC_WARN_ABOUT_RETURN_TYPE = YES_ERROR;
				GCC_WARN_UNDECLARED_SELECTOR = YES;
				GCC_WARN_UNINITIALIZED_AUTOS = YES_AGGRESSIVE;
				GCC_WARN_UNUSED_FUNCTION = YES;
				GCC_WARN_UNUSED_VARIABLE = YES;
				IPHONEOS_DEPLOYMENT_TARGET = 16.4;
				MTL_ENABLE_DEBUG_INFO = NO;
				MTL_FAST_MATH = YES;
				SDKROOT = iphoneos;
				SWIFT_COMPILATION_MODE = wholemodule;
				SWIFT_OPTIMIZATION_LEVEL = "-O";
				VALIDATE_PRODUCT = YES;
			};
			name = Release;
		};
		CEBF697F2A78EC7A000CB367 /* Debug */ = {
			isa = XCBuildConfiguration;
			buildSettings = {
				ASSETCATALOG_COMPILER_APPICON_NAME = AppIcon;
				ASSETCATALOG_COMPILER_GLOBAL_ACCENT_COLOR_NAME = AccentColor;
				CODE_SIGN_STYLE = Automatic;
				CURRENT_PROJECT_VERSION = 1;
				DEVELOPMENT_TEAM = B7MDH9MJ6R;
				GENERATE_INFOPLIST_FILE = YES;
				INFOPLIST_FILE = CV_TestTask/Info.plist;
				INFOPLIST_KEY_UIApplicationSupportsIndirectInputEvents = YES;
				INFOPLIST_KEY_UILaunchStoryboardName = LaunchScreen;
				INFOPLIST_KEY_UISupportedInterfaceOrientations_iPhone = "UIInterfaceOrientationPortrait UIInterfaceOrientationLandscapeLeft UIInterfaceOrientationLandscapeRight";
				LD_RUNPATH_SEARCH_PATHS = (
					"$(inherited)",
					"@executable_path/Frameworks",
				);
				MARKETING_VERSION = 1.0;
				PRODUCT_BUNDLE_IDENTIFIER = "com.zlataguseva.CV-TestTask";
				PRODUCT_NAME = "$(TARGET_NAME)";
				SWIFT_EMIT_LOC_STRINGS = YES;
				SWIFT_VERSION = 5.0;
				TARGETED_DEVICE_FAMILY = "1,2";
			};
			name = Debug;
		};
		CEBF69802A78EC7A000CB367 /* Release */ = {
			isa = XCBuildConfiguration;
			buildSettings = {
				ASSETCATALOG_COMPILER_APPICON_NAME = AppIcon;
				ASSETCATALOG_COMPILER_GLOBAL_ACCENT_COLOR_NAME = AccentColor;
				CODE_SIGN_STYLE = Automatic;
				CURRENT_PROJECT_VERSION = 1;
				DEVELOPMENT_TEAM = B7MDH9MJ6R;
				GENERATE_INFOPLIST_FILE = YES;
				INFOPLIST_FILE = CV_TestTask/Info.plist;
				INFOPLIST_KEY_UIApplicationSupportsIndirectInputEvents = YES;
				INFOPLIST_KEY_UILaunchStoryboardName = LaunchScreen;
				INFOPLIST_KEY_UISupportedInterfaceOrientations_iPhone = "UIInterfaceOrientationPortrait UIInterfaceOrientationLandscapeLeft UIInterfaceOrientationLandscapeRight";
				LD_RUNPATH_SEARCH_PATHS = (
					"$(inherited)",
					"@executable_path/Frameworks",
				);
				MARKETING_VERSION = 1.0;
				PRODUCT_BUNDLE_IDENTIFIER = "com.zlataguseva.CV-TestTask";
				PRODUCT_NAME = "$(TARGET_NAME)";
				SWIFT_EMIT_LOC_STRINGS = YES;
				SWIFT_VERSION = 5.0;
				TARGETED_DEVICE_FAMILY = "1,2";
			};
			name = Release;
		};
/* End XCBuildConfiguration section */

/* Begin XCConfigurationList section */
		CEBF69652A78EC74000CB367 /* Build configuration list for PBXProject "CV_TestTask" */ = {
			isa = XCConfigurationList;
			buildConfigurations = (
				CEBF697C2A78EC7A000CB367 /* Debug */,
				CEBF697D2A78EC7A000CB367 /* Release */,
			);
			defaultConfigurationIsVisible = 0;
			defaultConfigurationName = Release;
		};
		CEBF697E2A78EC7A000CB367 /* Build configuration list for PBXNativeTarget "CV_TestTask" */ = {
			isa = XCConfigurationList;
			buildConfigurations = (
				CEBF697F2A78EC7A000CB367 /* Debug */,
				CEBF69802A78EC7A000CB367 /* Release */,
			);
			defaultConfigurationIsVisible = 0;
			defaultConfigurationName = Release;
		};
/* End XCConfigurationList section */
	};
	rootObject = CEBF69622A78EC74000CB367 /* Project object */;
}
